
Microsoft Visual Studio Solution File, Format Version 12.00
# Visual Studio Version 16
VisualStudioVersion = 16.0.31005.135
MinimumVisualStudioVersion = 10.0.40219.1
Project("{FAE04EC0-301F-11D3-BF4B-00C04F79EFBC}") = "HouseBasements", "HouseBasements.csproj", "{A8A09ED8-01C2-499B-88A1-3E8D0AF9CFDE}"
EndProject
Global
	GlobalSection(SolutionConfigurationPlatforms) = preSolution
		Debug|Any CPU = Debug|Any CPU
		Release|Any CPU = Release|Any CPU
	EndGlobalSection
	GlobalSection(ProjectConfigurationPlatforms) = postSolution
		{A8A09ED8-01C2-499B-88A1-3E8D0AF9CFDE}.Debug|Any CPU.ActiveCfg = Debug|Any CPU
		{A8A09ED8-01C2-499B-88A1-3E8D0AF9CFDE}.Debug|Any CPU.Build.0 = Debug|Any CPU
		{A8A09ED8-01C2-499B-88A1-3E8D0AF9CFDE}.Release|Any CPU.ActiveCfg = Release|Any CPU
		{A8A09ED8-01C2-499B-88A1-3E8D0AF9CFDE}.Release|Any CPU.Build.0 = Release|Any CPU
	EndGlobalSection
	GlobalSection(SolutionProperties) = preSolution
		HideSolutionNode = FALSE
	EndGlobalSection
	GlobalSection(ExtensibilityGlobals) = postSolution
		SolutionGuid = {340ABB3C-9A0E-4035-AF46-4E654A66AE4F}
	EndGlobalSection
EndGlobal
